
Microsoft Visual Studio Solution File, Format Version 12.00
# Visual Studio Version 16
VisualStudioVersion = 16.0.29001.49
MinimumVisualStudioVersion = 10.0.40219.1
Project("{FAE04EC0-301F-11D3-BF4B-00C04F79EFBC}") = "Billing", "Billing\Billing.csproj", "{7330C5B8-8330-45FA-9722-57A9874985DF}"
EndProject
Global
	GlobalSection(SolutionConfigurationPlatforms) = preSolution
		Debug|Any CPU = Debug|Any CPU
		Release|Any CPU = Release|Any CPU
	EndGlobalSection
	GlobalSection(ProjectConfigurationPlatforms) = postSolution
		{7330C5B8-8330-45FA-9722-57A9874985DF}.Debug|Any CPU.ActiveCfg = Debug|Any CPU
		{7330C5B8-8330-45FA-9722-57A9874985DF}.Debug|Any CPU.Build.0 = Debug|Any CPU
		{7330C5B8-8330-45FA-9722-57A9874985DF}.Release|Any CPU.ActiveCfg = Release|Any CPU
		{7330C5B8-8330-45FA-9722-57A9874985DF}.Release|Any CPU.Build.0 = Release|Any CPU
	EndGlobalSection
	GlobalSection(SolutionProperties) = preSolution
		HideSolutionNode = FALSE
	EndGlobalSection
	GlobalSection(ExtensibilityGlobals) = postSolution
		SolutionGuid = {3582DE33-44E4-42B2-8982-E1F41D306BCE}
	EndGlobalSection
EndGlobal
